
Microsoft Visual Studio Solution File, Format Version 12.00
Project("{FAE04EC0-301F-11D3-BF4B-00C04F79EFBC}") = "ZeroSEUndub", "ZeroSEUndub\ZeroSEUndub.csproj", "{096F843F-3221-4985-8F4D-4E3BC5787CD1}"
EndProject
Global
	GlobalSection(SolutionConfigurationPlatforms) = preSolution
		Debug|Any CPU = Debug|Any CPU
		Release|Any CPU = Release|Any CPU
	EndGlobalSection
	GlobalSection(ProjectConfigurationPlatforms) = postSolution
		{096F843F-3221-4985-8F4D-4E3BC5787CD1}.Debug|Any CPU.ActiveCfg = Debug|Any CPU
		{096F843F-3221-4985-8F4D-4E3BC5787CD1}.Debug|Any CPU.Build.0 = Debug|Any CPU
		{096F843F-3221-4985-8F4D-4E3BC5787CD1}.Release|Any CPU.ActiveCfg = Release|Any CPU
		{096F843F-3221-4985-8F4D-4E3BC5787CD1}.Release|Any CPU.Build.0 = Release|Any CPU
	EndGlobalSection
EndGlobal
